
Microsoft Visual Studio Solution File, Format Version 12.00
# Visual Studio Version 16
VisualStudioVersion = 16.0.32630.194
MinimumVisualStudioVersion = 10.0.40219.1
Project("{FAE04EC0-301F-11D3-BF4B-00C04F79EFBC}") = "List", "List\List.csproj", "{02E934B1-401D-4CC7-825D-89003A23077B}"
EndProject
Global
	GlobalSection(SolutionConfigurationPlatforms) = preSolution
		Debug|Any CPU = Debug|Any CPU
		Release|Any CPU = Release|Any CPU
	EndGlobalSection
	GlobalSection(ProjectConfigurationPlatforms) = postSolution
		{02E934B1-401D-4CC7-825D-89003A23077B}.Debug|Any CPU.ActiveCfg = Debug|Any CPU
		{02E934B1-401D-4CC7-825D-89003A23077B}.Debug|Any CPU.Build.0 = Debug|Any CPU
		{02E934B1-401D-4CC7-825D-89003A23077B}.Release|Any CPU.ActiveCfg = Release|Any CPU
		{02E934B1-401D-4CC7-825D-89003A23077B}.Release|Any CPU.Build.0 = Release|Any CPU
	EndGlobalSection
	GlobalSection(SolutionProperties) = preSolution
		HideSolutionNode = FALSE
	EndGlobalSection
	GlobalSection(ExtensibilityGlobals) = postSolution
		SolutionGuid = {C29B224F-02D8-4178-B554-4222BEA69CEC}
	EndGlobalSection
EndGlobal
