
Microsoft Visual Studio Solution File, Format Version 12.00
# Visual Studio Version 16
VisualStudioVersion = 16.0.32630.194
MinimumVisualStudioVersion = 10.0.40219.1
Project("{FAE04EC0-301F-11D3-BF4B-00C04F79EFBC}") = "SortedDictionary", "SortedDictionary\SortedDictionary.csproj", "{2277B678-E11A-49CB-BA9D-8AA0C6B40644}"
EndProject
Global
	GlobalSection(SolutionConfigurationPlatforms) = preSolution
		Debug|Any CPU = Debug|Any CPU
		Release|Any CPU = Release|Any CPU
	EndGlobalSection
	GlobalSection(ProjectConfigurationPlatforms) = postSolution
		{2277B678-E11A-49CB-BA9D-8AA0C6B40644}.Debug|Any CPU.ActiveCfg = Debug|Any CPU
		{2277B678-E11A-49CB-BA9D-8AA0C6B40644}.Debug|Any CPU.Build.0 = Debug|Any CPU
		{2277B678-E11A-49CB-BA9D-8AA0C6B40644}.Release|Any CPU.ActiveCfg = Release|Any CPU
		{2277B678-E11A-49CB-BA9D-8AA0C6B40644}.Release|Any CPU.Build.0 = Release|Any CPU
	EndGlobalSection
	GlobalSection(SolutionProperties) = preSolution
		HideSolutionNode = FALSE
	EndGlobalSection
	GlobalSection(ExtensibilityGlobals) = postSolution
		SolutionGuid = {2EB6973F-9533-4AED-B7FC-9169AE473726}
	EndGlobalSection
EndGlobal
